// !$*UTF8*$!
{
	archiveVersion = 1;
	classes = {
	};
	objectVersion = 46;
	objects = {

/* Begin PBXBuildFile section */
		D94EAC091C89560900A18633 /* main.m in Sources */ = {isa = PBXBuildFile; fileRef = D94EAC081C89560900A18633 /* main.m */; };
		D94EAC0C1C89560900A18633 /* AppDelegate.m in Sources */ = {isa = PBXBuildFile; fileRef = D94EAC0B1C89560900A18633 /* AppDelegate.m */; };
		D94EAC0F1C89560900A18633 /* ViewController.m in Sources */ = {isa = PBXBuildFile; fileRef = D94EAC0E1C89560900A18633 /* ViewController.m */; };
		D94EAC121C89560900A18633 /* Main.storyboard in Resources */ = {isa = PBXBuildFile; fileRef = D94EAC101C89560900A18633 /* Main.storyboard */; };
		D94EAC141C89560900A18633 /* Assets.xcassets in Resources */ = {isa = PBXBuildFile; fileRef = D94EAC131C89560900A18633 /* Assets.xcassets */; };
		D94EAC171C89560900A18633 /* LaunchScreen.storyboard in Resources */ = {isa = PBXBuildFile; fileRef = D94EAC151C89560900A18633 /* LaunchScreen.storyboard */; };
		D94EAC201C89565700A18633 /* YMQCarouselView.m in Sources */ = {isa = PBXBuildFile; fileRef = D94EAC1F1C89565700A18633 /* YMQCarouselView.m */; };
		D94EAC231C89591900A18633 /* YMQPosterView.m in Sources */ = {isa = PBXBuildFile; fileRef = D94EAC221C89591900A18633 /* YMQPosterView.m */; };
		D94EAC271C895C6100A18633 /* YMQPosterCell.m in Sources */ = {isa = PBXBuildFile; fileRef = D94EAC251C895C6100A18633 /* YMQPosterCell.m */; };
		D94EAC281C895C6100A18633 /* YMQPosterCell.xib in Resources */ = {isa = PBXBuildFile; fileRef = D94EAC261C895C6100A18633 /* YMQPosterCell.xib */; };
/* End PBXBuildFile section */

/* Begin PBXFileReference section */
		D94EAC041C89560900A18633 /* YMQCarouselView.app */ = {isa = PBXFileReference; explicitFileType = wrapper.application; includeInIndex = 0; path = YMQCarouselView.app; sourceTree = BUILT_PRODUCTS_DIR; };
		D94EAC081C89560900A18633 /* main.m */ = {isa = PBXFileReference; lastKnownFileType = sourcecode.c.objc; path = main.m; sourceTree = "<group>"; };
		D94EAC0A1C89560900A18633 /* AppDelegate.h */ = {isa = PBXFileReference; lastKnownFileType = sourcecode.c.h; path = AppDelegate.h; sourceTree = "<group>"; };
		D94EAC0B1C89560900A18633 /* AppDelegate.m */ = {isa = PBXFileReference; lastKnownFileType = sourcecode.c.objc; path = AppDelegate.m; sourceTree = "<group>"; };
		D94EAC0D1C89560900A18633 /* ViewController.h */ = {isa = PBXFileReference; lastKnownFileType = sourcecode.c.h; path = ViewController.h; sourceTree = "<group>"; };
		D94EAC0E1C89560900A18633 /* ViewController.m */ = {isa = PBXFileReference; lastKnownFileType = sourcecode.c.objc; path = ViewController.m; sourceTree = "<group>"; };
		D94EAC111C89560900A18633 /* Base */ = {isa = PBXFileReference; lastKnownFileType = file.storyboard; name = Base; path = Base.lproj/Main.storyboard; sourceTree = "<group>"; };
		D94EAC131C89560900A18633 /* Assets.xcassets */ = {isa = PBXFileReference; lastKnownFileType = folder.assetcatalog; path = Assets.xcassets; sourceTree = "<group>"; };
		D94EAC161C89560900A18633 /* Base */ = {isa = PBXFileReference; lastKnownFileType = file.storyboard; name = Base; path = Base.lproj/LaunchScreen.storyboard; sourceTree = "<group>"; };
		D94EAC181C89560900A18633 /* Info.plist */ = {isa = PBXFileReference; lastKnownFileType = text.plist.xml; path = Info.plist; sourceTree = "<group>"; };
		D94EAC1E1C89565700A18633 /* YMQCarouselView.h */ = {isa = PBXFileReference; fileEncoding = 4; lastKnownFileType = sourcecode.c.h; path = YMQCarouselView.h; sourceTree = "<group>"; };
		D94EAC1F1C89565700A18633 /* YMQCarouselView.m */ = {isa = PBXFileReference; fileEncoding = 4; lastKnownFileType = sourcecode.c.objc; path = YMQCarouselView.m; sourceTree = "<group>"; };
		D94EAC211C89591900A18633 /* YMQPosterView.h */ = {isa = PBXFileReference; fileEncoding = 4; lastKnownFileType = sourcecode.c.h; path = YMQPosterView.h; sourceTree = "<group>"; };
		D94EAC221C89591900A18633 /* YMQPosterView.m */ = {isa = PBXFileReference; fileEncoding = 4; lastKnownFileType = sourcecode.c.objc; path = YMQPosterView.m; sourceTree = "<group>"; };
		D94EAC241C895C6100A18633 /* YMQPosterCell.h */ = {isa = PBXFileReference; fileEncoding = 4; lastKnownFileType = sourcecode.c.h; path = YMQPosterCell.h; sourceTree = "<group>"; };
		D94EAC251C895C6100A18633 /* YMQPosterCell.m */ = {isa = PBXFileReference; fileEncoding = 4; lastKnownFileType = sourcecode.c.objc; path = YMQPosterCell.m; sourceTree = "<group>"; };
		D94EAC261C895C6100A18633 /* YMQPosterCell.xib */ = {isa = PBXFileReference; fileEncoding = 4; lastKnownFileType = file.xib; path = YMQPosterCell.xib; sourceTree = "<group>"; };
/* End PBXFileReference section */

/* Begin PBXFrameworksBuildPhase section */
		D94EAC011C89560900A18633 /* Frameworks */ = {
			isa = PBXFrameworksBuildPhase;
			buildActionMask = 2147483647;
			files = (
			);
			runOnlyForDeploymentPostprocessing = 0;
		};
/* End PBXFrameworksBuildPhase section */

/* Begin PBXGroup section */
		D94EABFB1C89560900A18633 = {
			isa = PBXGroup;
			children = (
				D94EAC061C89560900A18633 /* YMQCarouselView */,
				D94EAC051C89560900A18633 /* Products */,
			);
			sourceTree = "<group>";
		};
		D94EAC051C89560900A18633 /* Products */ = {
			isa = PBXGroup;
			children = (
				D94EAC041C89560900A18633 /* YMQCarouselView.app */,
			);
			name = Products;
			sourceTree = "<group>";
		};
		D94EAC061C89560900A18633 /* YMQCarouselView */ = {
			isa = PBXGroup;
			children = (
				D94EAC0A1C89560900A18633 /* AppDelegate.h */,
				D94EAC0B1C89560900A18633 /* AppDelegate.m */,
				D94EAC0D1C89560900A18633 /* ViewController.h */,
				D94EAC0E1C89560900A18633 /* ViewController.m */,
				D94EAC101C89560900A18633 /* Main.storyboard */,
				D94EAC1E1C89565700A18633 /* YMQCarouselView.h */,
				D94EAC1F1C89565700A18633 /* YMQCarouselView.m */,
				D94EAC211C89591900A18633 /* YMQPosterView.h */,
				D94EAC221C89591900A18633 /* YMQPosterView.m */,
				D94EAC241C895C6100A18633 /* YMQPosterCell.h */,
				D94EAC251C895C6100A18633 /* YMQPosterCell.m */,
				D94EAC261C895C6100A18633 /* YMQPosterCell.xib */,
				D94EAC131C89560900A18633 /* Assets.xcassets */,
				D94EAC151C89560900A18633 /* LaunchScreen.storyboard */,
				D94EAC181C89560900A18633 /* Info.plist */,
				D94EAC071C89560900A18633 /* Supporting Files */,
			);
			path = YMQCarouselView;
			sourceTree = "<group>";
		};
		D94EAC071C89560900A18633 /* Supporting Files */ = {
			isa = PBXGroup;
			children = (
				D94EAC081C89560900A18633 /* main.m */,
			);
			name = "Supporting Files";
			sourceTree = "<group>";
		};
/* End PBXGroup section */

/* Begin PBXNativeTarget section */
		D94EAC031C89560900A18633 /* YMQCarouselView */ = {
			isa = PBXNativeTarget;
			buildConfigurationList = D94EAC1B1C89560900A18633 /* Build configuration list for PBXNativeTarget "YMQCarouselView" */;
			buildPhases = (
				D94EAC001C89560900A18633 /* Sources */,
				D94EAC011C89560900A18633 /* Frameworks */,
				D94EAC021C89560900A18633 /* Resources */,
			);
			buildRules = (
			);
			dependencies = (
			);
			name = YMQCarouselView;
			productName = YMQCarouselView;
			productReference = D94EAC041C89560900A18633 /* YMQCarouselView.app */;
			productType = "com.apple.product-type.application";
		};
/* End PBXNativeTarget section */

/* Begin PBXProject section */
		D94EABFC1C89560900A18633 /* Project object */ = {
			isa = PBXProject;
			attributes = {
				LastUpgradeCheck = 0720;
				ORGANIZATIONNAME = ymq;
				TargetAttributes = {
					D94EAC031C89560900A18633 = {
						CreatedOnToolsVersion = 7.2.1;
					};
				};
			};
			buildConfigurationList = D94EABFF1C89560900A18633 /* Build configuration list for PBXProject "YMQCarouselView" */;
			compatibilityVersion = "Xcode 3.2";
			developmentRegion = English;
			hasScannedForEncodings = 0;
			knownRegions = (
				en,
				Base,
			);
			mainGroup = D94EABFB1C89560900A18633;
			productRefGroup = D94EAC051C89560900A18633 /* Products */;
			projectDirPath = "";
			projectRoot = "";
			targets = (
				D94EAC031C89560900A18633 /* YMQCarouselView */,
			);
		};
/* End PBXProject section */

/* Begin PBXResourcesBuildPhase section */
		D94EAC021C89560900A18633 /* Resources */ = {
			isa = PBXResourcesBuildPhase;
			buildActionMask = 2147483647;
			files = (
				D94EAC171C89560900A18633 /* LaunchScreen.storyboard in Resources */,
				D94EAC141C89560900A18633 /* Assets.xcassets in Resources */,
				D94EAC281C895C6100A18633 /* YMQPosterCell.xib in Resources */,
				D94EAC121C89560900A18633 /* Main.storyboard in Resources */,
			);
			runOnlyForDeploymentPostprocessing = 0;
		};
/* End PBXResourcesBuildPhase section */

/* Begin PBXSourcesBuildPhase section */
		D94EAC001C89560900A18633 /* Sources */ = {
			isa = PBXSourcesBuildPhase;
			buildActionMask = 2147483647;
			files = (
				D94EAC271C895C6100A18633 /* YMQPosterCell.m in Sources */,
				D94EAC201C89565700A18633 /* YMQCarouselView.m in Sources */,
				D94EAC0F1C89560900A18633 /* ViewController.m in Sources */,
				D94EAC0C1C89560900A18633 /* AppDelegate.m in Sources */,
				D94EAC091C89560900A18633 /* main.m in Sources */,
				D94EAC231C89591900A18633 /* YMQPosterView.m in Sources */,
			);
			runOnlyForDeploymentPostprocessing = 0;
		};
/* End PBXSourcesBuildPhase section */

/* Begin PBXVariantGroup section */
		D94EAC101C89560900A18633 /* Main.storyboard */ = {
			isa = PBXVariantGroup;
			children = (
				D94EAC111C89560900A18633 /* Base */,
			);
			name = Main.storyboard;
			sourceTree = "<group>";
		};
		D94EAC151C89560900A18633 /* LaunchScreen.storyboard */ = {
			isa = PBXVariantGroup;
			children = (
				D94EAC161C89560900A18633 /* Base */,
			);
			name = LaunchScreen.storyboard;
			sourceTree = "<group>";
		};
/* End PBXVariantGroup section */

/* Begin XCBuildConfiguration section */
		D94EAC191C89560900A18633 /* Debug */ = {
			isa = XCBuildConfiguration;
			buildSettings = {
				ALWAYS_SEARCH_USER_PATHS = NO;
				CLANG_CXX_LANGUAGE_STANDARD = "gnu++0x";
				CLANG_CXX_LIBRARY = "libc++";
				CLANG_ENABLE_MODULES = YES;
				CLANG_ENABLE_OBJC_ARC = YES;
				CLANG_WARN_BOOL_CONVERSION = YES;
				CLANG_WARN_CONSTANT_CONVERSION = YES;
				CLANG_WARN_DIRECT_OBJC_ISA_USAGE = YES_ERROR;
				CLANG_WARN_EMPTY_BODY = YES;
				CLANG_WARN_ENUM_CONVERSION = YES;
				CLANG_WARN_INT_CONVERSION = YES;
				CLANG_WARN_OBJC_ROOT_CLASS = YES_ERROR;
				CLANG_WARN_UNREACHABLE_CODE = YES;
				CLANG_WARN__DUPLICATE_METHOD_MATCH = YES;
				"CODE_SIGN_IDENTITY[sdk=iphoneos*]" = "iPhone Developer";
				COPY_PHASE_STRIP = NO;
				DEBUG_INFORMATION_FORMAT = dwarf;
				ENABLE_STRICT_OBJC_MSGSEND = YES;
				ENABLE_TESTABILITY = YES;
				GCC_C_LANGUAGE_STANDARD = gnu99;
				GCC_DYNAMIC_NO_PIC = NO;
				GCC_NO_COMMON_BLOCKS = YES;
				GCC_OPTIMIZATION_LEVEL = 0;
				GCC_PREPROCESSOR_DEFINITIONS = (
					"DEBUG=1",
					"$(inherited)",
				);
				GCC_WARN_64_TO_32_BIT_CONVERSION = YES;
				GCC_WARN_ABOUT_RETURN_TYPE = YES_ERROR;
				GCC_WARN_UNDECLARED_SELECTOR = YES;
				GCC_WARN_UNINITIALIZED_AUTOS = YES_AGGRESSIVE;
				GCC_WARN_UNUSED_FUNCTION = YES;
				GCC_WARN_UNUSED_VARIABLE = YES;
				IPHONEOS_DEPLOYMENT_TARGET = 9.2;
				MTL_ENABLE_DEBUG_INFO = YES;
				ONLY_ACTIVE_ARCH = YES;
				SDKROOT = iphoneos;
			};
			name = Debug;
		};
		D94EAC1A1C89560900A18633 /* Release */ = {
			isa = XCBuildConfiguration;
			buildSettings = {
				ALWAYS_SEARCH_USER_PATHS = NO;
				CLANG_CXX_LANGUAGE_STANDARD = "gnu++0x";
				CLANG_CXX_LIBRARY = "libc++";
				CLANG_ENABLE_MODULES = YES;
				CLANG_ENABLE_OBJC_ARC = YES;
				CLANG_WARN_BOOL_CONVERSION = YES;
				CLANG_WARN_CONSTANT_CONVERSION = YES;
				CLANG_WARN_DIRECT_OBJC_ISA_USAGE = YES_ERROR;
				CLANG_WARN_EMPTY_BODY = YES;
				CLANG_WARN_ENUM_CONVERSION = YES;
				CLANG_WARN_INT_CONVERSION = YES;
				CLANG_WARN_OBJC_ROOT_CLASS = YES_ERROR;
				CLANG_WARN_UNREACHABLE_CODE = YES;
				CLANG_WARN__DUPLICATE_METHOD_MATCH = YES;
				"CODE_SIGN_IDENTITY[sdk=iphoneos*]" = "iPhone Developer";
				COPY_PHASE_STRIP = NO;
				DEBUG_INFORMATION_FORMAT = "dwarf-with-dsym";
				ENABLE_NS_ASSERTIONS = NO;
				ENABLE_STRICT_OBJC_MSGSEND = YES;
				GCC_C_LANGUAGE_STANDARD = gnu99;
				GCC_NO_COMMON_BLOCKS = YES;
				GCC_WARN_64_TO_32_BIT_CONVERSION = YES;
				GCC_WARN_ABOUT_RETURN_TYPE = YES_ERROR;
				GCC_WARN_UNDECLARED_SELECTOR = YES;
				GCC_WARN_UNINITIALIZED_AUTOS = YES_AGGRESSIVE;
				GCC_WARN_UNUSED_FUNCTION = YES;
				GCC_WARN_UNUSED_VARIABLE = YES;
				IPHONEOS_DEPLOYMENT_TARGET = 9.2;
				MTL_ENABLE_DEBUG_INFO = NO;
				SDKROOT = iphoneos;
				VALIDATE_PRODUCT = YES;
			};
			name = Release;
		};
		D94EAC1C1C89560900A18633 /* Debug */ = {
			isa = XCBuildConfiguration;
			buildSettings = {
				ASSETCATALOG_COMPILER_APPICON_NAME = AppIcon;
				INFOPLIST_FILE = YMQCarouselView/Info.plist;
				LD_RUNPATH_SEARCH_PATHS = "$(inherited) @executable_path/Frameworks";
				PRODUCT_BUNDLE_IDENTIFIER = m.xinhua.YMQCarouselView;
				PRODUCT_NAME = "$(TARGET_NAME)";
			};
			name = Debug;
		};
		D94EAC1D1C89560900A18633 /* Release */ = {
			isa = XCBuildConfiguration;
			buildSettings = {
				ASSETCATALOG_COMPILER_APPICON_NAME = AppIcon;
				INFOPLIST_FILE = YMQCarouselView/Info.plist;
				LD_RUNPATH_SEARCH_PATHS = "$(inherited) @executable_path/Frameworks";
				PRODUCT_BUNDLE_IDENTIFIER = m.xinhua.YMQCarouselView;
				PRODUCT_NAME = "$(TARGET_NAME)";
			};
			name = Release;
		};
/* End XCBuildConfiguration section */

/* Begin XCConfigurationList section */
		D94EABFF1C89560900A18633 /* Build configuration list for PBXProject "YMQCarouselView" */ = {
			isa = XCConfigurationList;
			buildConfigurations = (
				D94EAC191C89560900A18633 /* Debug */,
				D94EAC1A1C89560900A18633 /* Release */,
			);
			defaultConfigurationIsVisible = 0;
			defaultConfigurationName = Release;
		};
		D94EAC1B1C89560900A18633 /* Build configuration list for PBXNativeTarget "YMQCarouselView" */ = {
			isa = XCConfigurationList;
			buildConfigurations = (
				D94EAC1C1C89560900A18633 /* Debug */,
				D94EAC1D1C89560900A18633 /* Release */,
			);
			defaultConfigurationIsVisible = 0;
			defaultConfigurationName = Release;
		};
/* End XCConfigurationList section */
	};
	rootObject = D94EABFC1C89560900A18633 /* Project object */;
}
